
Microsoft Visual Studio Solution File, Format Version 12.00
# Visual Studio Version 16
VisualStudioVersion = 16.0.29709.97
MinimumVisualStudioVersion = 10.0.40219.1
Project("{8BC9CEB8-8B4A-11D0-8D11-00A0C91BC942}") = "LearnDirectX", "LearnDirectX\LearnDirectX.vcxproj", "{7A4986AA-8DD0-4D31-8015-360702B19FEC}"
EndProject
Project("{2150E333-8FDC-42A3-9474-1A3956D46DE8}") = "totwgpg2", "totwgpg2", "{06632B22-3205-4CD1-9623-EA7674C51C30}"
EndProject
Project("{8BC9CEB8-8B4A-11D0-8D11-00A0C91BC942}") = "000.freakout", "totwgpg2\000.freakout\000.freakout.vcxproj", "{BB53AD92-DC4D-4BB0-AB84-DAA8F867247E}"
EndProject
Project("{8BC9CEB8-8B4A-11D0-8D11-00A0C91BC942}") = "051.com_demo", "totwgpg2\051.com_demo\051.com_demo.vcxproj", "{1FB987BE-93C1-4D0B-88E5-ED230D50EFB7}"
EndProject
Project("{2150E333-8FDC-42A3-9474-1A3956D46DE8}") = "3dgpwd12", "3dgpwd12", "{B7608660-8EF5-4359-A212-E8F9248C2E12}"
EndProject
Project("{8BC9CEB8-8B4A-11D0-8D11-00A0C91BC942}") = "000.d3dintro", "3dgpwd12\000.d3dintro\000.d3dintro.vcxproj", "{FD9DAF06-2CB1-44A1-951D-A2D65AA8A5B4}"
EndProject
Project("{2150E333-8FDC-42A3-9474-1A3956D46DE8}") = "1.VectorAlgebra", "1.VectorAlgebra", "{57D12D29-B567-4869-86E4-6753F816D8E7}"
EndProject
Project("{8BC9CEB8-8B4A-11D0-8D11-00A0C91BC942}") = "1.init_functions", "3dgpwd12\1.VectorAlgebra\1.init_functions\1.init_functions.vcxproj", "{EB8BCBB1-3131-43DC-AAD0-E2C4C42E9592}"
EndProject
Project("{2150E333-8FDC-42A3-9474-1A3956D46DE8}") = "mxygamedev", "mxygamedev", "{409F011D-BF36-4899-8113-802897843DBE}"
EndProject
Project("{8BC9CEB8-8B4A-11D0-8D11-00A0C91BC942}") = "000.blank_window", "mxygamedev\000.blank_window\000.blank_window.vcxproj", "{19AC8121-EC60-43DB-B954-10409E13131C}"
EndProject
Project("{8BC9CEB8-8B4A-11D0-8D11-00A0C91BC942}") = "001.two_lines", "mxygamedev\001.two_lines\001.two_lines.vcxproj", "{5BA32F0E-4804-41C2-86B9-637F6194CD5E}"
EndProject
Project("{8BC9CEB8-8B4A-11D0-8D11-00A0C91BC942}") = "002.gdi_sample", "mxygamedev\002.gdi_sample\002.gdi_sample.vcxproj", "{2DF7DF8D-1C81-4E6E-B352-2950CE8E8245}"
EndProject
Project("{8BC9CEB8-8B4A-11D0-8D11-00A0C91BC942}") = "003.gdi_srcand_srcpaint", "mxygamedev\003.gdi_srcand_srcpaint\003.gdi_srcand_srcpaint.vcxproj", "{9B4F612D-3E89-49C7-BC1A-1617E0709908}"
EndProject
Global
	GlobalSection(SolutionConfigurationPlatforms) = preSolution
		Debug|x64 = Debug|x64
		Debug|x86 = Debug|x86
		Release|x64 = Release|x64
		Release|x86 = Release|x86
	EndGlobalSection
	GlobalSection(ProjectConfigurationPlatforms) = postSolution
		{7A4986AA-8DD0-4D31-8015-360702B19FEC}.Debug|x64.ActiveCfg = Debug|x64
		{7A4986AA-8DD0-4D31-8015-360702B19FEC}.Debug|x64.Build.0 = Debug|x64
		{7A4986AA-8DD0-4D31-8015-360702B19FEC}.Debug|x86.ActiveCfg = Debug|Win32
		{7A4986AA-8DD0-4D31-8015-360702B19FEC}.Debug|x86.Build.0 = Debug|Win32
		{7A4986AA-8DD0-4D31-8015-360702B19FEC}.Release|x64.ActiveCfg = Release|x64
		{7A4986AA-8DD0-4D31-8015-360702B19FEC}.Release|x64.Build.0 = Release|x64
		{7A4986AA-8DD0-4D31-8015-360702B19FEC}.Release|x86.ActiveCfg = Release|Win32
		{7A4986AA-8DD0-4D31-8015-360702B19FEC}.Release|x86.Build.0 = Release|Win32
		{BB53AD92-DC4D-4BB0-AB84-DAA8F867247E}.Debug|x64.ActiveCfg = Debug|x64
		{BB53AD92-DC4D-4BB0-AB84-DAA8F867247E}.Debug|x64.Build.0 = Debug|x64
		{BB53AD92-DC4D-4BB0-AB84-DAA8F867247E}.Debug|x86.ActiveCfg = Debug|Win32
		{BB53AD92-DC4D-4BB0-AB84-DAA8F867247E}.Debug|x86.Build.0 = Debug|Win32
		{BB53AD92-DC4D-4BB0-AB84-DAA8F867247E}.Release|x64.ActiveCfg = Release|x64
		{BB53AD92-DC4D-4BB0-AB84-DAA8F867247E}.Release|x64.Build.0 = Release|x64
		{BB53AD92-DC4D-4BB0-AB84-DAA8F867247E}.Release|x86.ActiveCfg = Release|Win32
		{BB53AD92-DC4D-4BB0-AB84-DAA8F867247E}.Release|x86.Build.0 = Release|Win32
		{1FB987BE-93C1-4D0B-88E5-ED230D50EFB7}.Debug|x64.ActiveCfg = Debug|x64
		{1FB987BE-93C1-4D0B-88E5-ED230D50EFB7}.Debug|x64.Build.0 = Debug|x64
		{1FB987BE-93C1-4D0B-88E5-ED230D50EFB7}.Debug|x86.ActiveCfg = Debug|Win32
		{1FB987BE-93C1-4D0B-88E5-ED230D50EFB7}.Debug|x86.Build.0 = Debug|Win32
		{1FB987BE-93C1-4D0B-88E5-ED230D50EFB7}.Release|x64.ActiveCfg = Release|x64
		{1FB987BE-93C1-4D0B-88E5-ED230D50EFB7}.Release|x64.Build.0 = Release|x64
		{1FB987BE-93C1-4D0B-88E5-ED230D50EFB7}.Release|x86.ActiveCfg = Release|Win32
		{1FB987BE-93C1-4D0B-88E5-ED230D50EFB7}.Release|x86.Build.0 = Release|Win32
		{FD9DAF06-2CB1-44A1-951D-A2D65AA8A5B4}.Debug|x64.ActiveCfg = Debug|x64
		{FD9DAF06-2CB1-44A1-951D-A2D65AA8A5B4}.Debug|x64.Build.0 = Debug|x64
		{FD9DAF06-2CB1-44A1-951D-A2D65AA8A5B4}.Debug|x86.ActiveCfg = Debug|Win32
		{FD9DAF06-2CB1-44A1-951D-A2D65AA8A5B4}.Debug|x86.Build.0 = Debug|Win32
		{FD9DAF06-2CB1-44A1-951D-A2D65AA8A5B4}.Release|x64.ActiveCfg = Release|x64
		{FD9DAF06-2CB1-44A1-951D-A2D65AA8A5B4}.Release|x64.Build.0 = Release|x64
		{FD9DAF06-2CB1-44A1-951D-A2D65AA8A5B4}.Release|x86.ActiveCfg = Release|Win32
		{FD9DAF06-2CB1-44A1-951D-A2D65AA8A5B4}.Release|x86.Build.0 = Release|Win32
		{EB8BCBB1-3131-43DC-AAD0-E2C4C42E9592}.Debug|x64.ActiveCfg = Debug|x64
		{EB8BCBB1-3131-43DC-AAD0-E2C4C42E9592}.Debug|x64.Build.0 = Debug|x64
		{EB8BCBB1-3131-43DC-AAD0-E2C4C42E9592}.Debug|x86.ActiveCfg = Debug|Win32
		{EB8BCBB1-3131-43DC-AAD0-E2C4C42E9592}.Debug|x86.Build.0 = Debug|Win32
		{EB8BCBB1-3131-43DC-AAD0-E2C4C42E9592}.Release|x64.ActiveCfg = Release|x64
		{EB8BCBB1-3131-43DC-AAD0-E2C4C42E9592}.Release|x64.Build.0 = Release|x64
		{EB8BCBB1-3131-43DC-AAD0-E2C4C42E9592}.Release|x86.ActiveCfg = Release|Win32
		{EB8BCBB1-3131-43DC-AAD0-E2C4C42E9592}.Release|x86.Build.0 = Release|Win32
		{19AC8121-EC60-43DB-B954-10409E13131C}.Debug|x64.ActiveCfg = Debug|x64
		{19AC8121-EC60-43DB-B954-10409E13131C}.Debug|x64.Build.0 = Debug|x64
		{19AC8121-EC60-43DB-B954-10409E13131C}.Debug|x86.ActiveCfg = Debug|Win32
		{19AC8121-EC60-43DB-B954-10409E13131C}.Debug|x86.Build.0 = Debug|Win32
		{19AC8121-EC60-43DB-B954-10409E13131C}.Release|x64.ActiveCfg = Release|x64
		{19AC8121-EC60-43DB-B954-10409E13131C}.Release|x64.Build.0 = Release|x64
		{19AC8121-EC60-43DB-B954-10409E13131C}.Release|x86.ActiveCfg = Release|Win32
		{19AC8121-EC60-43DB-B954-10409E13131C}.Release|x86.Build.0 = Release|Win32
		{5BA32F0E-4804-41C2-86B9-637F6194CD5E}.Debug|x64.ActiveCfg = Debug|x64
		{5BA32F0E-4804-41C2-86B9-637F6194CD5E}.Debug|x64.Build.0 = Debug|x64
		{5BA32F0E-4804-41C2-86B9-637F6194CD5E}.Debug|x86.ActiveCfg = Debug|Win32
		{5BA32F0E-4804-41C2-86B9-637F6194CD5E}.Debug|x86.Build.0 = Debug|Win32
		{5BA32F0E-4804-41C2-86B9-637F6194CD5E}.Release|x64.ActiveCfg = Release|x64
		{5BA32F0E-4804-41C2-86B9-637F6194CD5E}.Release|x64.Build.0 = Release|x64
		{5BA32F0E-4804-41C2-86B9-637F6194CD5E}.Release|x86.ActiveCfg = Release|Win32
		{5BA32F0E-4804-41C2-86B9-637F6194CD5E}.Release|x86.Build.0 = Release|Win32
		{2DF7DF8D-1C81-4E6E-B352-2950CE8E8245}.Debug|x64.ActiveCfg = Debug|x64
		{2DF7DF8D-1C81-4E6E-B352-2950CE8E8245}.Debug|x64.Build.0 = Debug|x64
		{2DF7DF8D-1C81-4E6E-B352-2950CE8E8245}.Debug|x86.ActiveCfg = Debug|Win32
		{2DF7DF8D-1C81-4E6E-B352-2950CE8E8245}.Debug|x86.Build.0 = Debug|Win32
		{2DF7DF8D-1C81-4E6E-B352-2950CE8E8245}.Release|x64.ActiveCfg = Release|x64
		{2DF7DF8D-1C81-4E6E-B352-2950CE8E8245}.Release|x64.Build.0 = Release|x64
		{2DF7DF8D-1C81-4E6E-B352-2950CE8E8245}.Release|x86.ActiveCfg = Release|Win32
		{2DF7DF8D-1C81-4E6E-B352-2950CE8E8245}.Release|x86.Build.0 = Release|Win32
		{9B4F612D-3E89-49C7-BC1A-1617E0709908}.Debug|x64.ActiveCfg = Debug|x64
		{9B4F612D-3E89-49C7-BC1A-1617E0709908}.Debug|x64.Build.0 = Debug|x64
		{9B4F612D-3E89-49C7-BC1A-1617E0709908}.Debug|x86.ActiveCfg = Debug|Win32
		{9B4F612D-3E89-49C7-BC1A-1617E0709908}.Debug|x86.Build.0 = Debug|Win32
		{9B4F612D-3E89-49C7-BC1A-1617E0709908}.Release|x64.ActiveCfg = Release|x64
		{9B4F612D-3E89-49C7-BC1A-1617E0709908}.Release|x64.Build.0 = Release|x64
		{9B4F612D-3E89-49C7-BC1A-1617E0709908}.Release|x86.ActiveCfg = Release|Win32
		{9B4F612D-3E89-49C7-BC1A-1617E0709908}.Release|x86.Build.0 = Release|Win32
	EndGlobalSection
	GlobalSection(SolutionProperties) = preSolution
		HideSolutionNode = FALSE
	EndGlobalSection
	GlobalSection(NestedProjects) = preSolution
		{BB53AD92-DC4D-4BB0-AB84-DAA8F867247E} = {06632B22-3205-4CD1-9623-EA7674C51C30}
		{1FB987BE-93C1-4D0B-88E5-ED230D50EFB7} = {06632B22-3205-4CD1-9623-EA7674C51C30}
		{FD9DAF06-2CB1-44A1-951D-A2D65AA8A5B4} = {B7608660-8EF5-4359-A212-E8F9248C2E12}
		{57D12D29-B567-4869-86E4-6753F816D8E7} = {B7608660-8EF5-4359-A212-E8F9248C2E12}
		{EB8BCBB1-3131-43DC-AAD0-E2C4C42E9592} = {57D12D29-B567-4869-86E4-6753F816D8E7}
		{19AC8121-EC60-43DB-B954-10409E13131C} = {409F011D-BF36-4899-8113-802897843DBE}
		{5BA32F0E-4804-41C2-86B9-637F6194CD5E} = {409F011D-BF36-4899-8113-802897843DBE}
		{2DF7DF8D-1C81-4E6E-B352-2950CE8E8245} = {409F011D-BF36-4899-8113-802897843DBE}
		{9B4F612D-3E89-49C7-BC1A-1617E0709908} = {409F011D-BF36-4899-8113-802897843DBE}
	EndGlobalSection
	GlobalSection(ExtensibilityGlobals) = postSolution
		SolutionGuid = {E64DF9E1-B589-4690-B3F8-16AB5A51D560}
	EndGlobalSection
EndGlobal
